
Microsoft Visual Studio Solution File, Format Version 12.00
# Visual Studio Version 16
VisualStudioVersion = 16.0.30204.135
MinimumVisualStudioVersion = 10.0.40219.1
Project("{9A19103F-16F7-4668-BE54-9A1E7A4F7556}") = "Calculator.Tests", "Calculator.Tests\Calculator.Tests.csproj", "{4FD7E7C8-DF14-43BD-9700-AEFBABFD6672}"
EndProject
Project("{9A19103F-16F7-4668-BE54-9A1E7A4F7556}") = "Calculator.App", "Calculator.App\Calculator.App.csproj", "{EE091E60-7372-442C-ABF0-D1FCFE307622}"
EndProject
Project("{FAE04EC0-301F-11D3-BF4B-00C04F79EFBC}") = "Calculator.Core", "Calculator.Core\Calculator.Core.csproj", "{2A6E15E9-97EF-4379-9974-8BADEFF83A22}"
EndProject
Global
	GlobalSection(SolutionConfigurationPlatforms) = preSolution
		Debug|Any CPU = Debug|Any CPU
		Release|Any CPU = Release|Any CPU
	EndGlobalSection
	GlobalSection(ProjectConfigurationPlatforms) = postSolution
		{4FD7E7C8-DF14-43BD-9700-AEFBABFD6672}.Debug|Any CPU.ActiveCfg = Debug|Any CPU
		{4FD7E7C8-DF14-43BD-9700-AEFBABFD6672}.Debug|Any CPU.Build.0 = Debug|Any CPU
		{4FD7E7C8-DF14-43BD-9700-AEFBABFD6672}.Release|Any CPU.ActiveCfg = Release|Any CPU
		{4FD7E7C8-DF14-43BD-9700-AEFBABFD6672}.Release|Any CPU.Build.0 = Release|Any CPU
		{EE091E60-7372-442C-ABF0-D1FCFE307622}.Debug|Any CPU.ActiveCfg = Debug|Any CPU
		{EE091E60-7372-442C-ABF0-D1FCFE307622}.Debug|Any CPU.Build.0 = Debug|Any CPU
		{EE091E60-7372-442C-ABF0-D1FCFE307622}.Release|Any CPU.ActiveCfg = Release|Any CPU
		{EE091E60-7372-442C-ABF0-D1FCFE307622}.Release|Any CPU.Build.0 = Release|Any CPU
		{2A6E15E9-97EF-4379-9974-8BADEFF83A22}.Debug|Any CPU.ActiveCfg = Debug|Any CPU
		{2A6E15E9-97EF-4379-9974-8BADEFF83A22}.Debug|Any CPU.Build.0 = Debug|Any CPU
		{2A6E15E9-97EF-4379-9974-8BADEFF83A22}.Release|Any CPU.ActiveCfg = Release|Any CPU
		{2A6E15E9-97EF-4379-9974-8BADEFF83A22}.Release|Any CPU.Build.0 = Release|Any CPU
	EndGlobalSection
	GlobalSection(SolutionProperties) = preSolution
		HideSolutionNode = FALSE
	EndGlobalSection
	GlobalSection(ExtensibilityGlobals) = postSolution
		SolutionGuid = {1AA9BB14-1394-4107-A42E-ECA9C942C088}
	EndGlobalSection
EndGlobal
